Microsoft Visual Studio Solution File, Format Version 12.00
# Visual Studio Version 17
VisualStudioVersion = 17.5.2.0
MinimumVisualStudioVersion = 10.0.40219.1
Project("{FAE04EC0-301F-11D3-BF4B-00C04F79EFBC}") = "AzureDevOps2GitHubMigrator", "AzureDevOps2GitHubMigrator.csproj", "{D32829A9-48BA-8E99-2315-DFEAB69BD7AA}"
EndProject
Global
	GlobalSection(SolutionConfigurationPlatforms) = preSolution
		Debug|Any CPU = Debug|Any CPU
		Release|Any CPU = Release|Any CPU
	EndGlobalSection
	GlobalSection(ProjectConfigurationPlatforms) = postSolution
		{D32829A9-48BA-8E99-2315-DFEAB69BD7AA}.Debug|Any CPU.ActiveCfg = Debug|Any CPU
		{D32829A9-48BA-8E99-2315-DFEAB69BD7AA}.Debug|Any CPU.Build.0 = Debug|Any CPU
		{D32829A9-48BA-8E99-2315-DFEAB69BD7AA}.Release|Any CPU.ActiveCfg = Release|Any CPU
		{D32829A9-48BA-8E99-2315-DFEAB69BD7AA}.Release|Any CPU.Build.0 = Release|Any CPU
	EndGlobalSection
	GlobalSection(SolutionProperties) = preSolution
		HideSolutionNode = FALSE
	EndGlobalSection
	GlobalSection(ExtensibilityGlobals) = postSolution
		SolutionGuid = {17D56E93-5EEB-4BFE-BC76-A5B92D6E63F6}
	EndGlobalSection
EndGlobal
